{
  "evaluator": {
    "archive_name": "se_harness-0.22.1-py3-none-any.whl",
    "archive_sha256": "cb35c3c4eb51fe0fca575a9340b1cba6cd63b5f7133a0ebeb3fd32b4ed863053",
    "payload_manifest": "se-harness-installed-payload-v1",
    "payload_sha256": "0e7b7c2bc10b06150c6c1ebe88d796d047f5d906bdfb5ef4e00914a56c79e7ff",
    "version": "0.22.1"
  },
  "files": {
    ".gitattributes": {
      "mode": "fragment",
      "sha256": "fba4cf22b45939f8c705f2a9c3bd964408b5003d0599993e72735ce865b97e3b"
    },
    ".github/PULL_REQUEST_TEMPLATE.md": {
      "mode": "seed",
      "state": "present"
    },
    ".github/workflows/engineering-harness.yml": {
      "mode": "seed",
      "state": "present"
    },
    ".gitignore": {
      "mode": "fragment",
      "sha256": "6bc923b4d2ef88ea61e997fc03ea4252aae3f2dc885cb82791293698184594f6"
    }
  },
  "hash_algorithm": "sha256",
  "hash_mode": "utf8-text-lf-v1",
  "resource_layout": "released-resources-v1",
  "schema": 5,
  "tool_version": "0.22.1"
}
